
Microsoft Visual Studio Solution File, Format Version 12.00
# Visual Studio Version 16
VisualStudioVersion = 16.0.29905.134
MinimumVisualStudioVersion = 10.0.40219.1
Project("{FAE04EC0-301F-11D3-BF4B-00C04F79EFBC}") = "Discord", "Discord\Discord.csproj", "{A5E82582-9C5C-40EF-9114-2312F3483AA2}"
EndProject
Global
	GlobalSection(SolutionConfigurationPlatforms) = preSolution
		Debug|Any CPU = Debug|Any CPU
		Release|Any CPU = Release|Any CPU
	EndGlobalSection
	GlobalSection(ProjectConfigurationPlatforms) = postSolution
		{A5E82582-9C5C-40EF-9114-2312F3483AA2}.Debug|Any CPU.ActiveCfg = Debug|Any CPU
		{A5E82582-9C5C-40EF-9114-2312F3483AA2}.Debug|Any CPU.Build.0 = Debug|Any CPU
		{A5E82582-9C5C-40EF-9114-2312F3483AA2}.Release|Any CPU.ActiveCfg = Release|Any CPU
		{A5E82582-9C5C-40EF-9114-2312F3483AA2}.Release|Any CPU.Build.0 = Release|Any CPU
	EndGlobalSection
	GlobalSection(SolutionProperties) = preSolution
		HideSolutionNode = FALSE
	EndGlobalSection
	GlobalSection(ExtensibilityGlobals) = postSolution
		SolutionGuid = {5C4BBCE9-003F-478A-BA45-2218B101BA31}
	EndGlobalSection
EndGlobal
